# This file is autogenerated, do not edit; changes may be undone by the next 'dep ensure'.


[[projects]]
  digest = "1:2ca532a6bc655663344004ba102436d29031018eab236247678db1d8978627bf"
  name = "cloud.google.com/go"
  packages = ["compute/metadata"]
  pruneopts = ""
  revision = "775730d6e48254a2430366162cf6298e5368833c"
  version = "v0.39.0"

[[projects]]
  digest = "1:6158256042564abf0da300ea7cb016f79ddaf24fdda2cc06c9712b0c2e06dd2a"
  name = "contrib.go.opencensus.io/exporter/ocagent"
  packages = ["."]
  pruneopts = ""
  revision = "dcb33c7f3b7cfe67e8a2cea10207ede1b7c40764"
  version = "v0.4.12"

[[projects]]
  digest = "1:1a217e0b6332045846341ef50125a62c93c0c8c4f892c25788d32ccc15528aa7"
  name = "github.com/Azure/go-autorest"
  packages = [
    "autorest",
    "autorest/adal",
    "autorest/azure",
    "autorest/date",
    "logger",
    "tracing",
  ]
  pruneopts = ""
  revision = "f29a2eccaa178b367df0405778cd85e0af7b4225"
  version = "v12.1.0"

[[projects]]
  digest = "1:c0952fb3cf9506cff577b4edf4458889570dcbd2902a7b90a1fd96bfbb97ccd8"
  name = "github.com/PuerkitoBio/purell"
  packages = ["."]
  pruneopts = ""
  revision = "44968752391892e1b0d0b821ee79e9a85fa13049"
  version = "v1.1.1"

[[projects]]
  branch = "master"
  digest = "1:331a419049c2be691e5ba1d24342fc77c7e767a80c666a18fd8a9f7b82419c1c"
  name = "github.com/PuerkitoBio/urlesc"
  packages = ["."]
  pruneopts = ""
  revision = "de5bf2ad457846296e2031421a34e2568e304e35"

[[projects]]
  digest = "1:bb7b3ae2206b3d78fd4b442f3f61ca509306c3ee9fcb7f7709c8d8e0aea3c178"
  name = "github.com/RHsyseng/console-cr-form"
  packages = [
    "pkg/web",
    "pkg/web/packrd",
  ]
  pruneopts = ""
  revision = "06e5aca90258195e7eb4e598bf5f36fa4325e67a"

[[projects]]
  digest = "1:f2aaf5dbb9e7af6b32ca675324597d2193ce6f7840d044bb97a726401fc7ec68"
  name = "github.com/RHsyseng/operator-utils"
  packages = ["pkg/validation"]
  pruneopts = ""
  revision = "3725530e9c7aeff1e1c5dee00574200940360370"

[[projects]]
  branch = "master"
  digest = "1:a74730e052a45a3fab1d310fdef2ec17ae3d6af16228421e238320846f2aaec8"
  name = "github.com/alecthomas/template"
  packages = [
    ".",
    "parse",
  ]
  pruneopts = ""
  revision = "a0175ee3bccc567396460bf5acd36800cb10c49c"

[[projects]]
  branch = "master"
  digest = "1:8483994d21404c8a1d489f6be756e25bfccd3b45d65821f25695577791a08e68"
  name = "github.com/alecthomas/units"
  packages = ["."]
  pruneopts = ""
  revision = "2efee857e7cfd4f3d0138cc3cbb1b4966962b93a"

[[projects]]
  digest = "1:60942d250d0e06d3722ddc8e22bc52f8cef7961ba6d8d3e95327a32b6b024a7b"
  name = "github.com/appscode/jsonpatch"
  packages = ["."]
  pruneopts = ""
  revision = "7c0e3b262f30165a8ec3d0b4c6059fd92703bfb2"
  version = "1.0.0"

[[projects]]
  digest = "1:d8a2bb36a048d1571bcc1aee208b61f39dc16c6c53823feffd37449dde162507"
  name = "github.com/asaskevich/govalidator"
  packages = ["."]
  pruneopts = ""
  revision = "ccb8e960c48f04d6935e72476ae4a51028f9e22f"
  version = "v9"

[[projects]]
  digest = "1:0d3deb8a6da8ffba5635d6fb1d2144662200def6c9d82a35a6d05d6c2d4a48f9"
  name = "github.com/beorn7/perks"
  packages = ["quantile"]
  pruneopts = ""
  revision = "4b2b341e8d7715fae06375aa633dbb6e91b3fb46"
  version = "v1.0.0"

[[projects]]
  digest = "1:10139b9c841acd336ceff02e8a85e0c558dee738b2277bb24d61d9d3c90ef1f2"
  name = "github.com/census-instrumentation/opencensus-proto"
  packages = [
    "gen-go/agent/common/v1",
    "gen-go/agent/metrics/v1",
    "gen-go/agent/trace/v1",
    "gen-go/metrics/v1",
    "gen-go/resource/v1",
    "gen-go/trace/v1",
  ]
  pruneopts = ""
  revision = "a105b96453fe85139acc07b68de48f2cbdd71249"
  version = "v0.2.0"

[[projects]]
  digest = "1:b03a1c1cdd50cac34badbdf679ca6a4ba7ce04df4dcc2f23cc6b58bebc56d8de"
  name = "github.com/coreos/prometheus-operator"
  packages = [
    "pkg/apis/monitoring",
    "pkg/apis/monitoring/v1",
    "pkg/client/versioned/scheme",
    "pkg/client/versioned/typed/monitoring/v1",
  ]
  pruneopts = ""
  revision = "7a25bf6b6bb2347dacb235659b73bc210117acc7"
  version = "v0.29.0"

[[projects]]
  digest = "1:0deddd908b6b4b768cfc272c16ee61e7088a60f7fe2f06c547bd3d8e1f8b8e77"
  name = "github.com/davecgh/go-spew"
  packages = ["spew"]
  pruneopts = ""
  revision = "8991bc29aa16c548c550c7ff78260e27b9ab7c73"
  version = "v1.1.1"

[[projects]]
  digest = "1:6098222470fe0172157ce9bbef5d2200df4edde17ee649c5d6e48330e4afa4c6"
  name = "github.com/dgrijalva/jwt-go"
  packages = ["."]
  pruneopts = ""
  revision = "06ea1031745cb8b3dab3f6a236daf2b0aa468b7e"
  version = "v3.2.0"

[[projects]]
  digest = "1:feb2148908d97716694b28a12523716089ec489363fa5af8989b8c7424935b55"
  name = "github.com/emicklei/go-restful"
  packages = [
    ".",
    "log",
  ]
  pruneopts = ""
  revision = "b993709ae1a4f6dd19cfa475232614441b11c9d5"
  version = "v2.9.5"

[[projects]]
  digest = "1:8466756c66127d5ea10cc6c305a16174755ebd187e64ec2b4efc3eef58281dcd"
  name = "github.com/evanphx/json-patch"
  packages = ["."]
  pruneopts = ""
  revision = "5858425f75500d40c52783dce87d085a483ce135"
  version = "v4.2.0"

[[projects]]
  digest = "1:b13707423743d41665fd23f0c36b2f37bb49c30e94adb813319c44188a51ba22"
  name = "github.com/ghodss/yaml"
  packages = ["."]
  pruneopts = ""
  revision = "0ca9ea5df5451ffdf184b4428c902747c2c11cd7"
  version = "v1.0.0"

[[projects]]
  branch = "master"
  digest = "1:e9ffb9315dce0051beb757d0f0fc25db57c4da654efc4eada4ea109c2d9da815"
  name = "github.com/globalsign/mgo"
  packages = [
    "bson",
    "internal/json",
  ]
  pruneopts = ""
  revision = "eeefdecb41b842af6dc652aaea4026e8403e62df"

[[projects]]
  digest = "1:65587005c6fa4293c0b8a2e457e689df7fda48cc5e1f5449ea2c1e7784551558"
  name = "github.com/go-logr/logr"
  packages = ["."]
  pruneopts = ""
  revision = "9fb12b3b21c5415d16ac18dc5cd42c1cfdd40c4e"
  version = "v0.1.0"

[[projects]]
  digest = "1:d81dfed1aa731d8e4a45d87154ec15ef18da2aa80fa9a2f95bec38577a244a99"
  name = "github.com/go-logr/zapr"
  packages = ["."]
  pruneopts = ""
  revision = "03f06a783fbb7dfaf3f629c7825480e43a7105e6"
  version = "v0.1.1"

[[projects]]
  digest = "1:48f9a43c330434d61098a65bdf4d8cbfbdc0eecf30ab35b1b88405868df6a42b"
  name = "github.com/go-openapi/analysis"
  packages = [
    ".",
    "internal",
  ]
  pruneopts = ""
  revision = "e2f3fdbb7ed0e56e070ccbfb6fc75b288a33c014"
  version = "v0.19.0"

[[projects]]
  digest = "1:90d75a4ad18e82be220162df5f551537c917ef2c0bfa4f04b3bde61130b6286a"
  name = "github.com/go-openapi/errors"
  packages = ["."]
  pruneopts = ""
  revision = "7a7ff1b7b8020f22574411a32f28b4d168d69237"
  version = "v0.19.0"

[[projects]]
  digest = "1:c8052dcf3ec378a9a6bc4f00ecc10d6d5eb3cc1f8faaf6b2f70f047e8881d446"
  name = "github.com/go-openapi/jsonpointer"
  packages = ["."]
  pruneopts = ""
  revision = "ef5f0afec364d3b9396b7b77b43dbe26bf1f8004"
  version = "v0.19.0"

[[projects]]
  digest = "1:1824e5330b35b2a2418d06aa55629cc59ad454b72e338aa125ba8ff98f16298b"
  name = "github.com/go-openapi/jsonreference"
  packages = ["."]
  pruneopts = ""
  revision = "8483a886a90412cd6858df4ea3483dce9c8e35a3"
  version = "v0.19.0"

[[projects]]
  digest = "1:e6529722d1b6bb2e80126d20a03bc05ab4409ace3f006cfa8717c74a8b5ad075"
  name = "github.com/go-openapi/loads"
  packages = ["."]
  pruneopts = ""
  revision = "74628589c3b94e3526a842d24f46589980f5ab22"
  version = "v0.19.0"

[[projects]]
  digest = "1:7a31266660ded380be50e03191d4647febe85d7897ed10e1d37a08d1a69d618b"
  name = "github.com/go-openapi/runtime"
  packages = ["."]
  pruneopts = ""
  revision = "109737172424d8a656fd1199e28c9f5cc89b0cca"
  version = "v0.19.0"

[[projects]]
  branch = "master"
  digest = "1:e013a7c7466ca0b31f99dd0b084283e632929fee25ec95ee558e31ff9a403b5e"
  name = "github.com/go-openapi/spec"
  packages = ["."]
  pruneopts = ""
  revision = "b2056d62a953adee01fed8ee65a046bd8f0419d5"

[[projects]]
  digest = "1:22456783abdafaca3c332a99a6a475d6be417f3a78172a8d5baffbd7606a7cb3"
  name = "github.com/go-openapi/strfmt"
  packages = ["."]
  pruneopts = ""
  revision = "29177d4b5db488583bb97ebc05d3842ebeda91a8"
  version = "v0.19.0"

[[projects]]
  digest = "1:cc03d3134465b9834f70ae1d08be632e4179310d093db62dc1a58b397d10f554"
  name = "github.com/go-openapi/swag"
  packages = ["."]
  pruneopts = ""
  revision = "b3e2804c8535ee0d1b89320afd98474d5b8e9e3b"
  version = "v0.19.0"

[[projects]]
  digest = "1:82e4fc5e135021438f39d5eabae497a5022187735160eee899bdfd37be0af4f2"
  name = "github.com/go-openapi/validate"
  packages = ["."]
  pruneopts = ""
  revision = "5b1623be7460f5a3967a82c00d518048fb190f5e"
  version = "v0.19.0"

[[projects]]
  digest = "1:a095a30432f90546e50015de1a7238c2ee552faf775bd4f94010d1db41292db6"
  name = "github.com/gobuffalo/envy"
  packages = ["."]
  pruneopts = ""
  revision = "043cb4b8af871b49563291e32c66bb84378a60ac"
  version = "v1.7.0"

[[projects]]
  digest = "1:a4cd70706b9c022a5c7cd3c8fc40bb6d79827bb0c59c4dc463066927d5362efd"
  name = "github.com/gobuffalo/genny"
  packages = ["."]
  pruneopts = ""
  revision = "05dc5921e98daa5d406f90c2844ff163cb1e1c4e"
  version = "v0.1.1"

[[projects]]
  digest = "1:2bec881e175d51668d14d284be9e3298106830972b1f8abfdc91e4849f3f42f1"
  name = "github.com/gobuffalo/gogen"
  packages = [
    ".",
    "goimports",
    "gomods",
  ]
  pruneopts = ""
  revision = "5482e6ef5d999f8cfa9b038a53953c9b4ee090af"
  version = "v0.1.1"

[[projects]]
  branch = "master"
  digest = "1:f391538f4166f7c0aa50943372af196304488b039fe663c134d42f064e1ed92c"
  name = "github.com/gobuffalo/logger"
  packages = ["."]
  pruneopts = ""
  revision = "86e12af44bc273e0063fad5b6ad588890b8cfe6b"

[[projects]]
  digest = "1:2a5ea06f0ab94365c5e7668abceeb8ec25bf087d0262910b68a8a749c2efa5cf"
  name = "github.com/gobuffalo/mapi"
  packages = ["."]
  pruneopts = ""
  revision = "0bb5e840be332d4280e40f2e6c50777c615bbac5"
  version = "v1.0.2"

[[projects]]
  digest = "1:bb6fd11556ebc11f828189b7cab990de74be18bc768f93d164516933e3bd9b33"
  name = "github.com/gobuffalo/packd"
  packages = ["."]
  pruneopts = ""
  revision = "9efbb667f2024a9370cadda45a57a0657c88a6fb"
  version = "v0.1.0"

[[projects]]
  digest = "1:7ee163a3b148d4f080eedecda9177c6e98ede2ef2f5a2432791ae28e50e50c1e"
  name = "github.com/gobuffalo/packr"
  packages = [
    "v2",
    "v2/file",
    "v2/file/resolver",
    "v2/file/resolver/encoding/hex",
    "v2/jam/parser",
    "v2/plog",
  ]
  pruneopts = ""
  revision = "cda4ac25577350dac682c8715dc6659327232596"
  version = "v2.2.0"

[[projects]]
  branch = "master"
  digest = "1:03179c4a6eecf90cbfbb07648e6202dd999904531c9757ba034f009904de3a9c"
  name = "github.com/gobuffalo/syncx"
  packages = ["."]
  pruneopts = ""
  revision = "33c29581e754bd354236e977dfe426e55331c45d"

[[projects]]
  digest = "1:fd53b471edb4c28c7d297f617f4da0d33402755f58d6301e7ca1197ef0a90937"
  name = "github.com/gogo/protobuf"
  packages = [
    "proto",
    "sortkeys",
  ]
  pruneopts = ""
  revision = "ba06b47c162d49f2af050fb4c75bcbc86a159d5c"
  version = "v1.2.1"

[[projects]]
  branch = "master"
  digest = "1:107b233e45174dbab5b1324201d092ea9448e58243ab9f039e4c0f332e121e3a"
  name = "github.com/golang/glog"
  packages = ["."]
  pruneopts = ""
  revision = "23def4e6c14b4da8ac2ed8007337bc5eb5007998"

[[projects]]
  branch = "master"
  digest = "1:f9714c0c017f2b821bccceeec2c7a93d29638346bb546c36ca5f90e751f91b9e"
  name = "github.com/golang/groupcache"
  packages = ["lru"]
  pruneopts = ""
  revision = "5b532d6fd5efaf7fa130d4e859a2fde0fc3a9e1b"

[[projects]]
  digest = "1:529d738b7976c3848cae5cf3a8036440166835e389c1f617af701eeb12a0518d"
  name = "github.com/golang/protobuf"
  packages = [
    "jsonpb",
    "proto",
    "protoc-gen-go/descriptor",
    "protoc-gen-go/generator",
    "protoc-gen-go/generator/internal/remap",
    "protoc-gen-go/plugin",
    "ptypes",
    "ptypes/any",
    "ptypes/duration",
    "ptypes/struct",
    "ptypes/timestamp",
    "ptypes/wrappers",
  ]
  pruneopts = ""
  revision = "b5d812f8a3706043e23a9cd5babf2e5423744d30"
  version = "v1.3.1"

[[projects]]
  digest = "1:1e5b1e14524ed08301977b7b8e10c719ed853cbf3f24ecb66fae783a46f207a6"
  name = "github.com/google/btree"
  packages = ["."]
  pruneopts = ""
  revision = "4030bb1f1f0c35b30ca7009e9ebd06849dd45306"
  version = "v1.0.0"

[[projects]]
  digest = "1:4c7b0fbaba9c61f310f3c5b34d7fbafad0b245a0cb94e2da7aed5c97600d84db"
  name = "github.com/google/go-cmp"
  packages = [
    "cmp",
    "cmp/internal/diff",
    "cmp/internal/flags",
    "cmp/internal/function",
    "cmp/internal/value",
  ]
  pruneopts = ""
  revision = "6f77996f0c42f7b84e5a2b252227263f93432e9b"
  version = "v0.3.0"

[[projects]]
  digest = "1:8d4a577a9643f713c25a32151c0f26af7228b4b97a219b5ddb7fd38d16f6e673"
  name = "github.com/google/gofuzz"
  packages = ["."]
  pruneopts = ""
  revision = "f140a6486e521aad38f5917de355cbf147cc0496"
  version = "v1.0.0"

[[projects]]
  digest = "1:ad92aa49f34cbc3546063c7eb2cabb55ee2278b72842eda80e2a20a8a06a8d73"
  name = "github.com/google/uuid"
  packages = ["."]
  pruneopts = ""
  revision = "0cd6bf5da1e1c83f8b45653022c74f71af0538a4"
  version = "v1.1.1"

[[projects]]
  digest = "1:16b2837c8b3cf045fa2cdc82af0cf78b19582701394484ae76b2c3bc3c99ad73"
  name = "github.com/googleapis/gnostic"
  packages = [
    "OpenAPIv2",
    "compiler",
    "extensions",
  ]
  pruneopts = ""
  revision = "7c663266750e7d82587642f65e60bc4083f1f84e"
  version = "v0.2.0"

[[projects]]
  digest = "1:edd219e8df21ce45d00d11843bb03424fb5b568bb1d89905a3af4cf7c8199e65"
  name = "github.com/gophercloud/gophercloud"
  packages = [
    ".",
    "openstack",
    "openstack/identity/v2/tenants",
    "openstack/identity/v2/tokens",
    "openstack/identity/v3/tokens",
    "openstack/utils",
    "pagination",
  ]
  pruneopts = ""
  revision = "c2d73b246b48e239d3f03c455905e06fe26e33c3"
  version = "v0.1.0"

[[projects]]
  branch = "master"
  digest = "1:326d7083af3723768cd8150db99b8ac730837b05ef290d5a042562905cc26210"
  name = "github.com/gregjones/httpcache"
  packages = [
    ".",
    "diskcache",
  ]
  pruneopts = ""
  revision = "3befbb6ad0cc97d4c25d851e9528915809e1a22f"

[[projects]]
  digest = "1:dee8ec16fa714522c6cad579dfeeba3caf9644d93b8b452cd7138584402c81f7"
  name = "github.com/grpc-ecosystem/grpc-gateway"
  packages = [
    "internal",
    "runtime",
    "utilities",
  ]
  pruneopts = ""
  revision = "8fd5fd9d19ce68183a6b0934519dfe7fe6269612"
  version = "v1.9.0"

[[projects]]
  digest = "1:85f8f8d390a03287a563e215ea6bd0610c858042731a8b42062435a0dcbc485f"
  name = "github.com/hashicorp/golang-lru"
  packages = [
    ".",
    "simplelru",
  ]
  pruneopts = ""
  revision = "7087cb70de9f7a8bc0a10c375cb0d2280a8edf9c"
  version = "v0.5.1"

[[projects]]
  digest = "1:31bfd110d31505e9ffbc9478e31773bf05bf02adcaeb9b139af42684f9294c13"
  name = "github.com/imdario/mergo"
  packages = ["."]
  pruneopts = ""
  revision = "7c29201646fa3de8506f701213473dd407f19646"
  version = "v0.3.7"

[[projects]]
  digest = "1:7df5a9695a743c3e1626b28bb8741602c8c15527e1efaeaec48ab2ff9a23f74c"
  name = "github.com/joho/godotenv"
  packages = ["."]
  pruneopts = ""
  revision = "23d116af351c84513e1946b527c88823e476be13"
  version = "v1.3.0"

[[projects]]
  digest = "1:12d3de2c11e54ea37d7f00daf85088ad5e61ec4e8a1f828d6c8b657976856be7"
  name = "github.com/json-iterator/go"
  packages = ["."]
  pruneopts = ""
  revision = "0ff49de124c6f76f8494e194af75bde0f1a49a29"
  version = "v1.1.6"

[[projects]]
  digest = "1:22035e8ce3d3722d9ac5d83a1c471ae3cee5055ee30a1f0f43e166c44422d185"
  name = "github.com/karrick/godirwalk"
  packages = ["."]
  pruneopts = ""
  revision = "5e617d9cfec6f870e63b168e9a2fb7c490a1c108"
  version = "v1.10.3"

[[projects]]
  digest = "1:0f51cee70b0d254dbc93c22666ea2abf211af81c1701a96d04e2284b408621db"
  name = "github.com/konsorten/go-windows-terminal-sequences"
  packages = ["."]
  pruneopts = ""
  revision = "f55edac94c9bbba5d6182a4be46d86a2c9b5b50e"
  version = "v1.0.2"

[[projects]]
  branch = "master"
  digest = "1:cae59d7b8243c671c9f544965522ba35c0fec48ee80adb9f1400cd2f33abbbec"
  name = "github.com/mailru/easyjson"
  packages = [
    "buffer",
    "jlexer",
    "jwriter",
  ]
  pruneopts = ""
  revision = "1ea4449da9834f4d333f1cc461c374aea217d249"

[[projects]]
  digest = "1:68145053d55a0fa6b5f259eb70de75cb3914f6440472007e67c87894e1c06697"
  name = "github.com/markbates/inflect"
  packages = ["."]
  pruneopts = ""
  revision = "24b83195037b3bc61fcda2d28b7b0518bce293b6"
  version = "v1.0.4"

[[projects]]
  branch = "master"
  digest = "1:ff3d3a7e367bf58b25e3c9203b7e82a02b2bfa220eacb2b362c0dbc3fcffa15b"
  name = "github.com/markbates/oncer"
  packages = ["."]
  pruneopts = ""
  revision = "bf2de49a0be218916e69a11d22866e6cd0a560f2"

[[projects]]
  digest = "1:3f2db5df3a9970a9f0ecab2cbce60f845894ed14f4c6b13859d8d2add7919302"
  name = "github.com/markbates/safe"
  packages = ["."]
  pruneopts = ""
  revision = "6fea05a5732486546a4836b7a1d596c5ec687b98"
  version = "v1.0.1"

[[projects]]
  digest = "1:63722a4b1e1717be7b98fc686e0b30d5e7f734b9e93d7dee86293b6deab7ea28"
  name = "github.com/matttproud/golang_protobuf_extensions"
  packages = ["pbutil"]
  pruneopts = ""
  revision = "c12348ce28de40eed0136aa2b644d0ee0650e56c"
  version = "v1.0.1"

[[projects]]
  digest = "1:bcc46a0fbd9e933087bef394871256b5c60269575bb661935874729c65bbbf60"
  name = "github.com/mitchellh/mapstructure"
  packages = ["."]
  pruneopts = ""
  revision = "3536a929edddb9a5b34bd6861dc4a9647cb459fe"
  version = "v1.1.2"

[[projects]]
  digest = "1:0c0ff2a89c1bb0d01887e1dac043ad7efbf3ec77482ef058ac423d13497e16fd"
  name = "github.com/modern-go/concurrent"
  packages = ["."]
  pruneopts = ""
  revision = "bacd9c7ef1dd9b15be4a9909b8ac7a4e313eec94"
  version = "1.0.3"

[[projects]]
  digest = "1:e32bdbdb7c377a07a9a46378290059822efdce5c8d96fe71940d87cb4f918855"
  name = "github.com/modern-go/reflect2"
  packages = ["."]
  pruneopts = ""
  revision = "4b7aa43c6742a2c18fdef89dd197aaae7dac7ccd"
  version = "1.0.1"

[[projects]]
  digest = "1:8aeb4a73c41fd79a868943af3319dc9472172b21063deff6b4391872139f7728"
  name = "github.com/openshift/api"
  packages = [
    "apps/v1",
    "build/v1",
    "image/docker10",
    "image/dockerpre012",
    "image/v1",
    "route/v1",
  ]
  pruneopts = ""
  revision = "0d921e363e951d89f583292c60d013c318df64dc"
  version = "v3.9.0"

[[projects]]
  digest = "1:7da30d36edabf50fb5bc07f759991589c5ca72e75b3dd50fa58c57d94e96fd15"
  name = "github.com/openshift/client-go"
  packages = [
    "image/clientset/versioned/scheme",
    "image/clientset/versioned/typed/image/v1",
  ]
  pruneopts = ""
  revision = "1fa528d3be060e4c7178eb69e76d37cf7e699e3c"
  version = "v3.9.0"

[[projects]]
  digest = "1:09a2b92dea291cda0f8f710ef31eb7299defe74bb784ab2df0426a69f347a843"
  name = "github.com/operator-framework/operator-sdk"
  packages = [
    "pkg/k8sutil",
    "pkg/leader",
    "pkg/log/zap",
    "pkg/metrics",
    "version",
  ]
  pruneopts = ""
  revision = "7e07b20c9e22560fb22a3295b612eae7652b8b14"
  version = "v0.7.0"

[[projects]]
  digest = "1:745bf18829a34e890d6704099132b67d4569043a97cbe6392d13b08d220bc6d2"
  name = "github.com/pavel-v-chernykh/keystore-go"
  packages = ["."]
  pruneopts = ""
  revision = "7bbcda7e585ed7a01e8610f6e19dde5bc2c1f6d0"
  version = "v2.1.0"

[[projects]]
  digest = "1:a5484d4fa43127138ae6e7b2299a6a52ae006c7f803d98d717f60abf3e97192e"
  name = "github.com/pborman/uuid"
  packages = ["."]
  pruneopts = ""
  revision = "adf5a7427709b9deb95d29d3fa8a2bf9cfd388f1"
  version = "v1.2"

[[projects]]
  branch = "master"
  digest = "1:5f0faa008e8ff4221b55a1a5057c8b02cb2fd68da6a65c9e31c82b72cbc836d0"
  name = "github.com/petar/GoLLRB"
  packages = ["llrb"]
  pruneopts = ""
  revision = "33fb24c13b99c46c93183c291836c573ac382536"

[[projects]]
  digest = "1:4709c61d984ef9ba99b037b047546d8a576ae984fb49486e48d99658aa750cd5"
  name = "github.com/peterbourgon/diskv"
  packages = ["."]
  pruneopts = ""
  revision = "0be1b92a6df0e4f5cb0a5d15fb7f643d0ad93ce6"
  version = "v3.0.0"

[[projects]]
  digest = "1:1d7e1867c49a6dd9856598ef7c3123604ea3daabf5b83f303ff457bcbc410b1d"
  name = "github.com/pkg/errors"
  packages = ["."]
  pruneopts = ""
  revision = "ba968bfe8b2f7e042a574c888954fccecfa385b4"
  version = "v0.8.1"

[[projects]]
  digest = "1:256484dbbcd271f9ecebc6795b2df8cad4c458dd0f5fd82a8c2fa0c29f233411"
  name = "github.com/pmezard/go-difflib"
  packages = ["difflib"]
  pruneopts = ""
  revision = "792786c7400a136282c1664665ae0a8db921c6c2"
  version = "v1.0.0"

[[projects]]
  digest = "1:6894aa393989b5e59d9936b8b1197dc261c2c200057b92dec34007b06e9856ae"
  name = "github.com/prometheus/client_golang"
  packages = [
    "prometheus",
    "prometheus/internal",
    "prometheus/promhttp",
  ]
  pruneopts = ""
  revision = "50c4339db732beb2165735d2cde0bff78eb3c5a5"
  version = "v0.9.3"

[[projects]]
  branch = "master"
  digest = "1:cd67319ee7536399990c4b00fae07c3413035a53193c644549a676091507cadc"
  name = "github.com/prometheus/client_model"
  packages = ["go"]
  pruneopts = ""
  revision = "fd36f4220a901265f90734c3183c5f0c91daa0b8"

[[projects]]
  digest = "1:e6315869762add748defb9e0fcc537738f78cabeaf70b2788aba9db13097b6e9"
  name = "github.com/prometheus/common"
  packages = [
    "expfmt",
    "internal/bitbucket.org/ww/goautoneg",
    "log",
    "model",
  ]
  pruneopts = ""
  revision = "17f5ca1748182ddf24fc33a5a7caaaf790a52fcc"
  version = "v0.4.1"

[[projects]]
  digest = "1:69b8051863c7fba35d264b256a4ea2e9ce4b5fef46fcdb65c75768074994fd79"
  name = "github.com/prometheus/procfs"
  packages = [
    ".",
    "internal/fs",
  ]
  pruneopts = ""
  revision = "65bdadfa96aecebf4dcf888da995a29eab4fc964"
  version = "v0.0.1"

[[projects]]
  digest = "1:5ba8f069e4f3b867775f59ef435941c434e25d42818b4dad2c7c665fa04826b5"
  name = "github.com/rogpeppe/go-internal"
  packages = [
    "modfile",
    "module",
    "semver",
  ]
  pruneopts = ""
  revision = "438578804ca6f31be148c27683afc419ce47c06e"
  version = "v1.3.0"

[[projects]]
  digest = "1:1a405cddcf3368445051fb70ab465ae99da56ad7be8d8ca7fc52159d1c2d873c"
  name = "github.com/sirupsen/logrus"
  packages = ["."]
  pruneopts = ""
  revision = "839c75faf7f98a33d445d181f3018b5c3409a45e"
  version = "v1.4.2"

[[projects]]
  digest = "1:956f655c87b7255c6b1ae6c203ebb0af98cf2a13ef2507e34c9bf1c0332ac0f5"
  name = "github.com/spf13/afero"
  packages = [
    ".",
    "mem",
  ]
  pruneopts = ""
  revision = "588a75ec4f32903aa5e39a2619ba6a4631e28424"
  version = "v1.2.2"

[[projects]]
  digest = "1:cbaf13cdbfef0e4734ed8a7504f57fe893d471d62a35b982bf6fb3f036449a66"
  name = "github.com/spf13/pflag"
  packages = ["."]
  pruneopts = ""
  revision = "298182f68c66c05229eb03ac171abe6e309ee79a"
  version = "v1.0.3"

[[projects]]
  digest = "1:381bcbeb112a51493d9d998bbba207a529c73dbb49b3fd789e48c63fac1f192c"
  name = "github.com/stretchr/testify"
  packages = ["assert"]
  pruneopts = ""
  revision = "ffdc059bfe9ce6a4e144ba849dbedead332c6053"
  version = "v1.3.0"

[[projects]]
  digest = "1:785b4eb9fa77cc5290dff2c72c00fb6759c2c82767895f472582f1aae7421cad"
  name = "go.opencensus.io"
  packages = [
    ".",
    "internal",
    "internal/tagencoding",
    "metric/metricdata",
    "metric/metricproducer",
    "plugin/ocgrpc",
    "plugin/ochttp",
    "plugin/ochttp/propagation/b3",
    "plugin/ochttp/propagation/tracecontext",
    "resource",
    "stats",
    "stats/internal",
    "stats/view",
    "tag",
    "trace",
    "trace/internal",
    "trace/propagation",
    "trace/tracestate",
  ]
  pruneopts = ""
  revision = "43463a80402d8447b7fce0d2c58edf1687ff0b58"
  version = "v0.19.3"

[[projects]]
  digest = "1:e6ff7840319b6fda979a918a8801005ec2049abca62af19211d96971d8ec3327"
  name = "go.uber.org/atomic"
  packages = ["."]
  pruneopts = ""
  revision = "df976f2515e274675050de7b3f42545de80594fd"
  version = "v1.4.0"

[[projects]]
  digest = "1:22c7effcb4da0eacb2bb1940ee173fac010e9ef3c691f5de4b524d538bd980f5"
  name = "go.uber.org/multierr"
  packages = ["."]
  pruneopts = ""
  revision = "3c4937480c32f4c13a875a1829af76c98ca3d40a"
  version = "v1.1.0"

[[projects]]
  digest = "1:984e93aca9088b440b894df41f2043b6a3db8f9cf30767032770bfc4796993b0"
  name = "go.uber.org/zap"
  packages = [
    ".",
    "buffer",
    "internal/bufferpool",
    "internal/color",
    "internal/exit",
    "zapcore",
  ]
  pruneopts = ""
  revision = "27376062155ad36be76b0f12cf1572a221d3a48c"
  version = "v1.10.0"

[[projects]]
  branch = "master"
  digest = "1:23603929c559ebf5fa44cc2ed4a72ae729292e2b7e0295ab0e743641f0a47535"
  name = "golang.org/x/crypto"
  packages = ["ssh/terminal"]
  pruneopts = ""
  revision = "20be4c3c3ed52bfccdb2d59a412ee1a936d175a7"

[[projects]]
  branch = "master"
  digest = "1:3fcc745bd071aa073bd666e01ff8df5fc72ab15f493ae7246710c66c738aab45"
  name = "golang.org/x/net"
  packages = [
    "context",
    "context/ctxhttp",
    "http/httpguts",
    "http2",
    "http2/hpack",
    "idna",
    "internal/timeseries",
    "trace",
  ]
  pruneopts = ""
  revision = "f3200d17e092c607f615320ecaad13d87ad9a2b3"

[[projects]]
  branch = "master"
  digest = "1:fbb273eaa6359acf017f155480c5c68862f9c29728c798fbc620691a0495b2d6"
  name = "golang.org/x/oauth2"
  packages = [
    ".",
    "google",
    "internal",
    "jws",
    "jwt",
  ]
  pruneopts = ""
  revision = "aaccbc9213b0974828f81aaac109d194880e3014"

[[projects]]
  branch = "master"
  digest = "1:9f6efefb4e401a4f699a295d14518871368eb89403f2dd23ec11dfcd2c0836ba"
  name = "golang.org/x/sync"
  packages = [
    "errgroup",
    "semaphore",
  ]
  pruneopts = ""
  revision = "112230192c580c3556b8cee6403af37a4fc5f28c"

[[projects]]
  branch = "master"
  digest = "1:53d2717ee0679c525202956060f1c602dda4277884ae4013b1b7d05b64cceea5"
  name = "golang.org/x/sys"
  packages = [
    "unix",
    "windows",
    "windows/registry",
    "windows/svc/eventlog",
  ]
  pruneopts = ""
  revision = "ad28b68e88f12448a1685d038ffea87bbbb34148"

[[projects]]
  digest = "1:740b51a55815493a8d0f2b1e0d0ae48fe48953bf7eaf3fcc4198823bf67768c0"
  name = "golang.org/x/text"
  packages = [
    "collate",
    "collate/build",
    "internal/colltab",
    "internal/gen",
    "internal/language",
    "internal/language/compact",
    "internal/tag",
    "internal/triegen",
    "internal/ucd",
    "language",
    "secure/bidirule",
    "transform",
    "unicode/bidi",
    "unicode/cldr",
    "unicode/norm",
    "unicode/rangetable",
    "width",
  ]
  pruneopts = ""
  revision = "342b2e1fbaa52c93f31447ad2c6abc048c63e475"
  version = "v0.3.2"

[[projects]]
  branch = "master"
  digest = "1:9522af4be529c108010f95b05f1022cb872f2b9ff8b101080f554245673466e1"
  name = "golang.org/x/time"
  packages = ["rate"]
  pruneopts = ""
  revision = "9d24e82272b4f38b78bc8cff74fa936d31ccd8ef"

[[projects]]
  branch = "master"
  digest = "1:75617f1f008a46d337ab9e90edea0b9a75ce78b35cfc414280b2e0c79fdcfed0"
  name = "golang.org/x/tools"
  packages = [
    "go/ast/astutil",
    "go/gcexportdata",
    "go/internal/gcimporter",
    "go/internal/packagesdriver",
    "go/packages",
    "go/types/typeutil",
    "imports",
    "internal/fastwalk",
    "internal/gopathwalk",
    "internal/imports",
    "internal/module",
    "internal/semver",
  ]
  pruneopts = ""
  revision = "75312fb06703a759656ae75b3d1c24b4aae95dfe"

[[projects]]
  digest = "1:a516e3b3b8b0eaca16272b3881e588068c97c27fed4faa5708a401f11a2236d1"
  name = "google.golang.org/api"
  packages = ["support/bundler"]
  pruneopts = ""
  revision = "721295fe20d585ce7e948146f82188429d14da33"
  version = "v0.5.0"

[[projects]]
  digest = "1:01b9b21ce3c29e95c6226188ab77233e59f4e397262a078cd6f248405b86dda7"
  name = "google.golang.org/appengine"
  packages = [
    ".",
    "internal",
    "internal/app_identity",
    "internal/base",
    "internal/datastore",
    "internal/log",
    "internal/modules",
    "internal/remote_api",
    "internal/urlfetch",
    "urlfetch",
  ]
  pruneopts = ""
  revision = "4c25cacc810c02874000e4f7071286a8e96b2515"
  version = "v1.6.0"

[[projects]]
  branch = "master"
  digest = "1:303bb7bcb96f7562686015a90eabd865f2c32c468e6702e1724d69b178d0427b"
  name = "google.golang.org/genproto"
  packages = [
    "googleapis/api/httpbody",
    "googleapis/rpc/status",
    "protobuf/field_mask",
  ]
  pruneopts = ""
  revision = "fb225487d10142b5bcc35abfc6cb9a0609614976"

[[projects]]
  digest = "1:6598c722afbc10dcbcace4e6504751b3a3b11f66d9251545fce457a66316c9a7"
  name = "google.golang.org/grpc"
  packages = [
    ".",
    "balancer",
    "balancer/base",
    "balancer/roundrobin",
    "binarylog/grpc_binarylog_v1",
    "codes",
    "connectivity",
    "credentials",
    "credentials/internal",
    "encoding",
    "encoding/proto",
    "grpclog",
    "internal",
    "internal/backoff",
    "internal/balancerload",
    "internal/binarylog",
    "internal/channelz",
    "internal/envconfig",
    "internal/grpcrand",
    "internal/grpcsync",
    "internal/syscall",
    "internal/transport",
    "keepalive",
    "metadata",
    "naming",
    "peer",
    "resolver",
    "resolver/dns",
    "resolver/passthrough",
    "stats",
    "status",
    "tap",
  ]
  pruneopts = ""
  revision = "869adfc8d5a43efc0d05780ad109106f457f51e4"
  version = "v1.21.0"

[[projects]]
  digest = "1:15d017551627c8bb091bde628215b2861bed128855343fdd570c62d08871f6e1"
  name = "gopkg.in/alecthomas/kingpin.v2"
  packages = ["."]
  pruneopts = ""
  revision = "947dcec5ba9c011838740e680966fd7087a71d0d"
  version = "v2.2.6"

[[projects]]
  digest = "1:75fb3fcfc73a8c723efde7777b40e8e8ff9babf30d8c56160d01beffea8a95a6"
  name = "gopkg.in/inf.v0"
  packages = ["."]
  pruneopts = ""
  revision = "d2d2541c53f18d2a059457998ce2876cc8e67cbf"
  version = "v0.9.1"

[[projects]]
  digest = "1:cedccf16b71e86db87a24f8d4c70b0a855872eb967cb906a66b95de56aefbd0d"
  name = "gopkg.in/yaml.v2"
  packages = ["."]
  pruneopts = ""
  revision = "51d6538a90f86fe93ac480b35f37b2be17fef232"
  version = "v2.2.2"

[[projects]]
  digest = "1:be67264067c68b1f601bfc4a6c102b1380ed0743147381de81ed11da88d2e246"
  name = "k8s.io/api"
  packages = [
    "admission/v1beta1",
    "admissionregistration/v1alpha1",
    "admissionregistration/v1beta1",
    "apps/v1",
    "apps/v1beta1",
    "apps/v1beta2",
    "auditregistration/v1alpha1",
    "authentication/v1",
    "authentication/v1beta1",
    "authorization/v1",
    "authorization/v1beta1",
    "autoscaling/v1",
    "autoscaling/v2beta1",
    "autoscaling/v2beta2",
    "batch/v1",
    "batch/v1beta1",
    "batch/v2alpha1",
    "certificates/v1beta1",
    "coordination/v1beta1",
    "core/v1",
    "events/v1beta1",
    "extensions/v1beta1",
    "networking/v1",
    "policy/v1beta1",
    "rbac/v1",
    "rbac/v1alpha1",
    "rbac/v1beta1",
    "scheduling/v1alpha1",
    "scheduling/v1beta1",
    "settings/v1alpha1",
    "storage/v1",
    "storage/v1alpha1",
    "storage/v1beta1",
  ]
  pruneopts = ""
  revision = "05914d821849570fba9eacfb29466f2d8d3cd229"

[[projects]]
  digest = "1:2133e488e6db5701ef295c39cbc0836855c02af677e8707e539ebf605a4211ca"
  name = "k8s.io/apiextensions-apiserver"
  packages = [
    "pkg/apis/apiextensions",
    "pkg/apis/apiextensions/v1beta1",
  ]
  pruneopts = ""
  revision = "0fe22c71c47604641d9aa352c785b7912c200562"

[[projects]]
  digest = "1:66b0292f815d508d11ed5fe94fdeb0bcc5a988703a08e73bf3cb3a415de676cf"
  name = "k8s.io/apimachinery"
  packages = [
    "pkg/api/errors",
    "pkg/api/meta",
    "pkg/api/resource",
    "pkg/apis/meta/internalversion",
    "pkg/apis/meta/v1",
    "pkg/apis/meta/v1/unstructured",
    "pkg/apis/meta/v1beta1",
    "pkg/conversion",
    "pkg/conversion/queryparams",
    "pkg/fields",
    "pkg/labels",
    "pkg/runtime",
    "pkg/runtime/schema",
    "pkg/runtime/serializer",
    "pkg/runtime/serializer/json",
    "pkg/runtime/serializer/protobuf",
    "pkg/runtime/serializer/recognizer",
    "pkg/runtime/serializer/streaming",
    "pkg/runtime/serializer/versioning",
    "pkg/selection",
    "pkg/types",
    "pkg/util/cache",
    "pkg/util/clock",
    "pkg/util/diff",
    "pkg/util/errors",
    "pkg/util/framer",
    "pkg/util/intstr",
    "pkg/util/json",
    "pkg/util/mergepatch",
    "pkg/util/naming",
    "pkg/util/net",
    "pkg/util/runtime",
    "pkg/util/sets",
    "pkg/util/strategicpatch",
    "pkg/util/uuid",
    "pkg/util/validation",
    "pkg/util/validation/field",
    "pkg/util/wait",
    "pkg/util/yaml",
    "pkg/version",
    "pkg/watch",
    "third_party/forked/golang/json",
    "third_party/forked/golang/reflect",
  ]
  pruneopts = ""
  revision = "2b1284ed4c93a43499e781493253e2ac5959c4fd"

[[projects]]
  digest = "1:d603c9957fa66c90792d45fe0205d484da2ea364a01069c20890f2640b4a0fd5"
  name = "k8s.io/client-go"
  packages = [
    "discovery",
    "dynamic",
    "kubernetes",
    "kubernetes/scheme",
    "kubernetes/typed/admissionregistration/v1alpha1",
    "kubernetes/typed/admissionregistration/v1beta1",
    "kubernetes/typed/apps/v1",
    "kubernetes/typed/apps/v1beta1",
    "kubernetes/typed/apps/v1beta2",
    "kubernetes/typed/auditregistration/v1alpha1",
    "kubernetes/typed/authentication/v1",
    "kubernetes/typed/authentication/v1beta1",
    "kubernetes/typed/authorization/v1",
    "kubernetes/typed/authorization/v1beta1",
    "kubernetes/typed/autoscaling/v1",
    "kubernetes/typed/autoscaling/v2beta1",
    "kubernetes/typed/autoscaling/v2beta2",
    "kubernetes/typed/batch/v1",
    "kubernetes/typed/batch/v1beta1",
    "kubernetes/typed/batch/v2alpha1",
    "kubernetes/typed/certificates/v1beta1",
    "kubernetes/typed/coordination/v1beta1",
    "kubernetes/typed/core/v1",
    "kubernetes/typed/events/v1beta1",
    "kubernetes/typed/extensions/v1beta1",
    "kubernetes/typed/networking/v1",
    "kubernetes/typed/policy/v1beta1",
    "kubernetes/typed/rbac/v1",
    "kubernetes/typed/rbac/v1alpha1",
    "kubernetes/typed/rbac/v1beta1",
    "kubernetes/typed/scheduling/v1alpha1",
    "kubernetes/typed/scheduling/v1beta1",
    "kubernetes/typed/settings/v1alpha1",
    "kubernetes/typed/storage/v1",
    "kubernetes/typed/storage/v1alpha1",
    "kubernetes/typed/storage/v1beta1",
    "pkg/apis/clientauthentication",
    "pkg/apis/clientauthentication/v1alpha1",
    "pkg/apis/clientauthentication/v1beta1",
    "pkg/version",
    "plugin/pkg/client/auth",
    "plugin/pkg/client/auth/azure",
    "plugin/pkg/client/auth/exec",
    "plugin/pkg/client/auth/gcp",
    "plugin/pkg/client/auth/oidc",
    "plugin/pkg/client/auth/openstack",
    "rest",
    "rest/watch",
    "restmapper",
    "testing",
    "third_party/forked/golang/template",
    "tools/auth",
    "tools/cache",
    "tools/clientcmd",
    "tools/clientcmd/api",
    "tools/clientcmd/api/latest",
    "tools/clientcmd/api/v1",
    "tools/leaderelection",
    "tools/leaderelection/resourcelock",
    "tools/metrics",
    "tools/pager",
    "tools/record",
    "tools/reference",
    "transport",
    "util/buffer",
    "util/cert",
    "util/connrotation",
    "util/flowcontrol",
    "util/homedir",
    "util/integer",
    "util/jsonpath",
    "util/retry",
    "util/workqueue",
  ]
  pruneopts = ""
  revision = "8d9ed539ba3134352c586810e749e58df4e94e4f"

[[projects]]
  digest = "1:d809e6c8dfa3448ae10f5624eff4ed1ebdc906755e7cea294c44e8b7ac0b077a"
  name = "k8s.io/code-generator"
  packages = [
    "cmd/client-gen",
    "cmd/client-gen/args",
    "cmd/client-gen/generators",
    "cmd/client-gen/generators/fake",
    "cmd/client-gen/generators/scheme",
    "cmd/client-gen/generators/util",
    "cmd/client-gen/path",
    "cmd/client-gen/types",
    "cmd/conversion-gen",
    "cmd/conversion-gen/args",
    "cmd/conversion-gen/generators",
    "cmd/deepcopy-gen",
    "cmd/deepcopy-gen/args",
    "cmd/defaulter-gen",
    "cmd/defaulter-gen/args",
    "cmd/informer-gen",
    "cmd/informer-gen/args",
    "cmd/informer-gen/generators",
    "cmd/lister-gen",
    "cmd/lister-gen/args",
    "cmd/lister-gen/generators",
    "pkg/util",
  ]
  pruneopts = ""
  revision = "c2090bec4d9b1fb25de3812f868accc2bc9ecbae"

[[projects]]
  branch = "master"
  digest = "1:6a2a63e09a59caff3fd2d36d69b7b92c2fe7cf783390f0b7349fb330820f9a8e"
  name = "k8s.io/gengo"
  packages = [
    "args",
    "examples/deepcopy-gen/generators",
    "examples/defaulter-gen/generators",
    "examples/set-gen/sets",
    "generator",
    "namer",
    "parser",
    "types",
  ]
  pruneopts = ""
  revision = "e17681d19d3ac4837a019ece36c2a0ec31ffe985"

[[projects]]
  digest = "1:975a70b988168c3be18acc1d95bca85974f18be63c2024d14eb97fdcacab672a"
  name = "k8s.io/klog"
  packages = ["."]
  pruneopts = ""
  revision = "78315d914a8af2453db4864e69230b647b1ff711"
  version = "v0.3.2"

[[projects]]
  digest = "1:a2f78b8fd86be41f2aa77404245aed4f4f410ac3aabc5f3bd9bd1fcc09076c53"
  name = "k8s.io/kube-openapi"
  packages = [
    "cmd/openapi-gen",
    "cmd/openapi-gen/args",
    "pkg/common",
    "pkg/generators",
    "pkg/generators/rules",
    "pkg/util/proto",
    "pkg/util/sets",
  ]
  pruneopts = ""
  revision = "0cf8f7e6ed1d2e3d47d02e3b6e559369af24d803"

[[projects]]
  digest = "1:35fe7fc05f04f79af905348b757b440723f67534f873abfef906e1a64dfe9e64"
  name = "sigs.k8s.io/controller-runtime"
  packages = [
    "pkg/cache",
    "pkg/cache/internal",
    "pkg/client",
    "pkg/client/apiutil",
    "pkg/client/config",
    "pkg/client/fake",
    "pkg/controller",
    "pkg/controller/controllerutil",
    "pkg/event",
    "pkg/handler",
    "pkg/internal/controller",
    "pkg/internal/controller/metrics",
    "pkg/internal/recorder",
    "pkg/leaderelection",
    "pkg/manager",
    "pkg/metrics",
    "pkg/patch",
    "pkg/predicate",
    "pkg/reconcile",
    "pkg/recorder",
    "pkg/runtime/inject",
    "pkg/runtime/log",
    "pkg/runtime/scheme",
    "pkg/runtime/signals",
    "pkg/source",
    "pkg/source/internal",
    "pkg/webhook/admission",
    "pkg/webhook/admission/types",
    "pkg/webhook/internal/metrics",
    "pkg/webhook/types",
  ]
  pruneopts = ""
  revision = "12d98582e72927b6cd0123e2b4e819f9341ce62c"
  version = "v0.1.10"

[[projects]]
  digest = "1:1e5e6eb14b5ff37746d3fbf191f5390d2f171777ff1eac42d48a0ed280fc933a"
  name = "sigs.k8s.io/controller-tools"
  packages = [
    "pkg/crd/generator",
    "pkg/crd/util",
    "pkg/internal/codegen",
    "pkg/internal/codegen/parse",
    "pkg/internal/general",
    "pkg/util",
  ]
  pruneopts = ""
  revision = "950a0e88e4effb864253b3c7504b326cc83b9d11"
  version = "v0.1.8"

[[projects]]
  digest = "1:321081b4a44256715f2b68411d8eda9a17f17ebfe6f0cc61d2cc52d11c08acfa"
  name = "sigs.k8s.io/yaml"
  packages = ["."]
  pruneopts = ""
  revision = "fd68e9863619f6ec2fdd8625fe1f02e7c877e480"
  version = "v1.1.0"

[solve-meta]
  analyzer-name = "dep"
  analyzer-version = 1
  input-imports = [
    "github.com/RHsyseng/console-cr-form/pkg/web",
    "github.com/RHsyseng/operator-utils/pkg/validation",
    "github.com/ghodss/yaml",
    "github.com/go-logr/logr",
    "github.com/go-openapi/spec",
    "github.com/gobuffalo/packr/v2",
    "github.com/gobuffalo/packr/v2/file/resolver",
    "github.com/google/go-cmp/cmp",
    "github.com/imdario/mergo",
    "github.com/openshift/api/apps/v1",
    "github.com/openshift/api/build/v1",
    "github.com/openshift/api/image/v1",
    "github.com/openshift/api/route/v1",
    "github.com/openshift/client-go/image/clientset/versioned/typed/image/v1",
    "github.com/operator-framework/operator-sdk/pkg/k8sutil",
    "github.com/operator-framework/operator-sdk/pkg/leader",
    "github.com/operator-framework/operator-sdk/pkg/log/zap",
    "github.com/operator-framework/operator-sdk/pkg/metrics",
    "github.com/operator-framework/operator-sdk/version",
    "github.com/pavel-v-chernykh/keystore-go",
    "github.com/pkg/errors",
    "github.com/prometheus/common/log",
    "github.com/spf13/pflag",
    "github.com/stretchr/testify/assert",
    "go.uber.org/zap",
    "go.uber.org/zap/zapcore",
    "golang.org/x/sync/errgroup",
    "k8s.io/api/apps/v1",
    "k8s.io/api/core/v1",
    "k8s.io/api/rbac/v1",
    "k8s.io/apiextensions-apiserver/pkg/apis/apiextensions/v1beta1",
    "k8s.io/apimachinery/pkg/api/errors",
    "k8s.io/apimachinery/pkg/api/resource",
    "k8s.io/apimachinery/pkg/apis/meta/v1",
    "k8s.io/apimachinery/pkg/runtime",
    "k8s.io/apimachinery/pkg/runtime/schema",
    "k8s.io/apimachinery/pkg/runtime/serializer",
    "k8s.io/apimachinery/pkg/types",
    "k8s.io/apimachinery/pkg/util/intstr",
    "k8s.io/client-go/kubernetes/scheme",
    "k8s.io/client-go/plugin/pkg/client/auth",
    "k8s.io/client-go/rest",
    "k8s.io/code-generator/cmd/client-gen",
    "k8s.io/code-generator/cmd/conversion-gen",
    "k8s.io/code-generator/cmd/deepcopy-gen",
    "k8s.io/code-generator/cmd/defaulter-gen",
    "k8s.io/code-generator/cmd/informer-gen",
    "k8s.io/code-generator/cmd/lister-gen",
    "k8s.io/gengo/args",
    "k8s.io/kube-openapi/cmd/openapi-gen",
    "sigs.k8s.io/controller-runtime/pkg/cache",
    "sigs.k8s.io/controller-runtime/pkg/client",
    "sigs.k8s.io/controller-runtime/pkg/client/config",
    "sigs.k8s.io/controller-runtime/pkg/client/fake",
    "sigs.k8s.io/controller-runtime/pkg/controller",
    "sigs.k8s.io/controller-runtime/pkg/controller/controllerutil",
    "sigs.k8s.io/controller-runtime/pkg/handler",
    "sigs.k8s.io/controller-runtime/pkg/manager",
    "sigs.k8s.io/controller-runtime/pkg/reconcile",
    "sigs.k8s.io/controller-runtime/pkg/runtime/log",
    "sigs.k8s.io/controller-runtime/pkg/runtime/scheme",
    "sigs.k8s.io/controller-runtime/pkg/runtime/signals",
    "sigs.k8s.io/controller-runtime/pkg/source",
    "sigs.k8s.io/controller-tools/pkg/crd/generator",
  ]
  solver-name = "gps-cdcl"
  solver-version = 1
